
Microsoft Visual Studio Solution File, Format Version 12.00
# Visual Studio Version 17
VisualStudioVersion = 17.11.35222.181
MinimumVisualStudioVersion = 10.0.40219.1
Project("{9A19103F-16F7-4668-BE54-9A1E7A4F7556}") = "AmazonReviewSentiment", "AmazonReviewSentiment\AmazonReviewSentiment.csproj", "{D6D2F485-FB18-47B7-B9B0-3EDC09E86C6A}"
EndProject
Global
	GlobalSection(SolutionConfigurationPlatforms) = preSolution
		Debug|Any CPU = Debug|Any CPU
		Release|Any CPU = Release|Any CPU
	EndGlobalSection
	GlobalSection(ProjectConfigurationPlatforms) = postSolution
		{D6D2F485-FB18-47B7-B9B0-3EDC09E86C6A}.Debug|Any CPU.ActiveCfg = Debug|Any CPU
		{D6D2F485-FB18-47B7-B9B0-3EDC09E86C6A}.Debug|Any CPU.Build.0 = Debug|Any CPU
		{D6D2F485-FB18-47B7-B9B0-3EDC09E86C6A}.Release|Any CPU.ActiveCfg = Release|Any CPU
		{D6D2F485-FB18-47B7-B9B0-3EDC09E86C6A}.Release|Any CPU.Build.0 = Release|Any CPU
	EndGlobalSection
	GlobalSection(SolutionProperties) = preSolution
		HideSolutionNode = FALSE
	EndGlobalSection
	GlobalSection(ExtensibilityGlobals) = postSolution
		SolutionGuid = {C2B5B7E0-59BF-4ED1-BD20-5392331B1BE4}
	EndGlobalSection
EndGlobal
